# This file is autogenerated, do not edit; changes may be undone by the next 'dep ensure'.


[[projects]]
  digest = "1:e29335d5a78621ed7a539ed75e10785c3705bb67d916e48b03b1cdf9b727508d"
  name = "github.com/creack/pty"
  packages = ["."]
  pruneopts = "UT"
  revision = "3a6a957789163cacdfe0e291617a1c8e80612c11"
  version = "v1.1.9"

[[projects]]
  digest = "1:31e761d97c76151dde79e9d28964a812c46efc5baee4085b86f68f0c654450de"
  name = "github.com/konsorten/go-windows-terminal-sequences"
  packages = ["."]
  pruneopts = "UT"
  revision = "f55edac94c9bbba5d6182a4be46d86a2c9b5b50e"
  version = "v1.0.2"

[[projects]]
  digest = "1:3e2fbf3f6d30c4c009be006f9d2a9eaefc804d8f6b991e88cb793b87318cc5bc"
  name = "github.com/kr/pty"
  packages = ["."]
  pruneopts = "UT"
  revision = "24b51915630e1d9d3c6adf15a3a96796bbc3cd43"
  version = "v1.1.8"

[[projects]]
  branch = "master"
  digest = "1:a411f64f28e353d848dcadab67c8ccb2a8dc8bd2e002be0c5af2a6b67115ed34"
  name = "github.com/metajar/expect"
  packages = ["."]
  pruneopts = "UT"
  revision = "247e0f0ecab4b33a8cf58f6c6f5246a9778968f4"

[[projects]]
  digest = "1:04457f9f6f3ffc5fea48e71d62f2ca256637dee0a04d710288e27e05c8b41976"
  name = "github.com/sirupsen/logrus"
  packages = ["."]
  pruneopts = "UT"
  revision = "839c75faf7f98a33d445d181f3018b5c3409a45e"
  version = "v1.4.2"

[[projects]]
  branch = "master"
  digest = "1:824b4d14e35e35e821d3127319e51eb838f72434100750ad395db96d00b5a871"
  name = "golang.org/x/sys"
  packages = ["unix"]
  pruneopts = "UT"
  revision = "c1f44814a5cd81a6d1cb589ef1e528bc5d305e07"

[solve-meta]
  analyzer-name = "dep"
  analyzer-version = 1
  input-imports = [
    "github.com/metajar/expect",
    "github.com/sirupsen/logrus",
  ]
  solver-name = "gps-cdcl"
  solver-version = 1
